
Microsoft Visual Studio Solution File, Format Version 12.00
# Visual Studio Version 16
VisualStudioVersion = 16.0.32901.82
MinimumVisualStudioVersion = 10.0.40219.1
Project("{F184B08F-C81C-45F6-A57F-5ABD9991F28F}") = "gestionUsuarios", "gestionUsuarios\gestionUsuarios.vbproj", "{7FF96976-A984-4916-B5B7-BCB1CAF5C2E7}"
EndProject
Global
	GlobalSection(SolutionConfigurationPlatforms) = preSolution
		Debug|Any CPU = Debug|Any CPU
		Release|Any CPU = Release|Any CPU
	EndGlobalSection
	GlobalSection(ProjectConfigurationPlatforms) = postSolution
		{7FF96976-A984-4916-B5B7-BCB1CAF5C2E7}.Debug|Any CPU.ActiveCfg = Debug|Any CPU
		{7FF96976-A984-4916-B5B7-BCB1CAF5C2E7}.Debug|Any CPU.Build.0 = Debug|Any CPU
		{7FF96976-A984-4916-B5B7-BCB1CAF5C2E7}.Release|Any CPU.ActiveCfg = Release|Any CPU
		{7FF96976-A984-4916-B5B7-BCB1CAF5C2E7}.Release|Any CPU.Build.0 = Release|Any CPU
	EndGlobalSection
	GlobalSection(SolutionProperties) = preSolution
		HideSolutionNode = FALSE
	EndGlobalSection
	GlobalSection(ExtensibilityGlobals) = postSolution
		SolutionGuid = {5E8BD450-7500-4DF7-B537-DF24B24B12DF}
	EndGlobalSection
EndGlobal
